// !$*UTF8*$!
{
	archiveVersion = 1;
	classes = {
	};
	objectVersion = 48;
	objects = {

/* Begin PBXBuildFile section */
		074600BC1FFEC5A0004BB965 /* AppDelegate.swift in Sources */ = {isa = PBXBuildFile; fileRef = 074600BB1FFEC5A0004BB965 /* AppDelegate.swift */; };
		074600BE1FFEC5A0004BB965 /* ViewController.swift in Sources */ = {isa = PBXBuildFile; fileRef = 074600BD1FFEC5A0004BB965 /* ViewController.swift */; };
		074600C11FFEC5A0004BB965 /* Main.storyboard in Resources */ = {isa = PBXBuildFile; fileRef = 074600BF1FFEC5A0004BB965 /* Main.storyboard */; };
		074600C41FFEC5A0004BB965 /* Knudge_me.xcdatamodeld in Sources */ = {isa = PBXBuildFile; fileRef = 074600C21FFEC5A0004BB965 /* Knudge_me.xcdatamodeld */; };
		074600C61FFEC5A0004BB965 /* Assets.xcassets in Resources */ = {isa = PBXBuildFile; fileRef = 074600C51FFEC5A0004BB965 /* Assets.xcassets */; };
		074600C91FFEC5A0004BB965 /* LaunchScreen.storyboard in Resources */ = {isa = PBXBuildFile; fileRef = 074600C71FFEC5A0004BB965 /* LaunchScreen.storyboard */; };
/* End PBXBuildFile section */

/* Begin PBXFileReference section */
		074600B81FFEC5A0004BB965 /* Knudge.me.app */ = {isa = PBXFileReference; explicitFileType = wrapper.application; includeInIndex = 0; path = Knudge.me.app; sourceTree = BUILT_PRODUCTS_DIR; };
		074600BB1FFEC5A0004BB965 /* AppDelegate.swift */ = {isa = PBXFileReference; lastKnownFileType = sourcecode.swift; path = AppDelegate.swift; sourceTree = "<group>"; };
		074600BD1FFEC5A0004BB965 /* ViewController.swift */ = {isa = PBXFileReference; lastKnownFileType = sourcecode.swift; path = ViewController.swift; sourceTree = "<group>"; };
		074600C01FFEC5A0004BB965 /* Base */ = {isa = PBXFileReference; lastKnownFileType = file.storyboard; name = Base; path = Base.lproj/Main.storyboard; sourceTree = "<group>"; };
		074600C31FFEC5A0004BB965 /* Knudge_me.xcdatamodel */ = {isa = PBXFileReference; lastKnownFileType = wrapper.xcdatamodel; path = Knudge_me.xcdatamodel; sourceTree = "<group>"; };
		074600C51FFEC5A0004BB965 /* Assets.xcassets */ = {isa = PBXFileReference; lastKnownFileType = folder.assetcatalog; path = Assets.xcassets; sourceTree = "<group>"; };
		074600C81FFEC5A0004BB965 /* Base */ = {isa = PBXFileReference; lastKnownFileType = file.storyboard; name = Base; path = Base.lproj/LaunchScreen.storyboard; sourceTree = "<group>"; };
		074600CA1FFEC5A0004BB965 /* Info.plist */ = {isa = PBXFileReference; lastKnownFileType = text.plist.xml; path = Info.plist; sourceTree = "<group>"; };
/* End PBXFileReference section */

/* Begin PBXFrameworksBuildPhase section */
		074600B51FFEC5A0004BB965 /* Frameworks */ = {
			isa = PBXFrameworksBuildPhase;
			buildActionMask = 2147483647;
			files = (
			);
			runOnlyForDeploymentPostprocessing = 0;
		};
/* End PBXFrameworksBuildPhase section */

/* Begin PBXGroup section */
		074600AF1FFEC5A0004BB965 = {
			isa = PBXGroup;
			children = (
				074600BA1FFEC5A0004BB965 /* Knudge.me */,
				074600B91FFEC5A0004BB965 /* Products */,
			);
			sourceTree = "<group>";
		};
		074600B91FFEC5A0004BB965 /* Products */ = {
			isa = PBXGroup;
			children = (
				074600B81FFEC5A0004BB965 /* Knudge.me.app */,
			);
			name = Products;
			sourceTree = "<group>";
		};
		074600BA1FFEC5A0004BB965 /* Knudge.me */ = {
			isa = PBXGroup;
			children = (
				074600BB1FFEC5A0004BB965 /* AppDelegate.swift */,
				074600BD1FFEC5A0004BB965 /* ViewController.swift */,
				074600BF1FFEC5A0004BB965 /* Main.storyboard */,
				074600C51FFEC5A0004BB965 /* Assets.xcassets */,
				074600C71FFEC5A0004BB965 /* LaunchScreen.storyboard */,
				074600CA1FFEC5A0004BB965 /* Info.plist */,
				074600C21FFEC5A0004BB965 /* Knudge_me.xcdatamodeld */,
			);
			path = Knudge.me;
			sourceTree = "<group>";
		};
/* End PBXGroup section */

/* Begin PBXNativeTarget section */
		074600B71FFEC5A0004BB965 /* Knudge.me */ = {
			isa = PBXNativeTarget;
			buildConfigurationList = 074600CD1FFEC5A0004BB965 /* Build configuration list for PBXNativeTarget "Knudge.me" */;
			buildPhases = (
				074600B41FFEC5A0004BB965 /* Sources */,
				074600B51FFEC5A0004BB965 /* Frameworks */,
				074600B61FFEC5A0004BB965 /* Resources */,
			);
			buildRules = (
			);
			dependencies = (
			);
			name = Knudge.me;
			productName = Knudge.me;
			productReference = 074600B81FFEC5A0004BB965 /* Knudge.me.app */;
			productType = "com.apple.product-type.application";
		};
/* End PBXNativeTarget section */

/* Begin PBXProject section */
		074600B01FFEC5A0004BB965 /* Project object */ = {
			isa = PBXProject;
			attributes = {
				LastSwiftUpdateCheck = 0920;
				LastUpgradeCheck = 0920;
				ORGANIZATIONNAME = "Mustafa Yusuf";
				TargetAttributes = {
					074600B71FFEC5A0004BB965 = {
						CreatedOnToolsVersion = 9.2;
						ProvisioningStyle = Automatic;
					};
				};
			};
			buildConfigurationList = 074600B31FFEC5A0004BB965 /* Build configuration list for PBXProject "Knudge.me" */;
			compatibilityVersion = "Xcode 8.0";
			developmentRegion = en;
			hasScannedForEncodings = 0;
			knownRegions = (
				en,
				Base,
			);
			mainGroup = 074600AF1FFEC5A0004BB965;
			productRefGroup = 074600B91FFEC5A0004BB965 /* Products */;
			projectDirPath = "";
			projectRoot = "";
			targets = (
				074600B71FFEC5A0004BB965 /* Knudge.me */,
			);
		};
/* End PBXProject section */

/* Begin PBXResourcesBuildPhase section */
		074600B61FFEC5A0004BB965 /* Resources */ = {
			isa = PBXResourcesBuildPhase;
			buildActionMask = 2147483647;
			files = (
				074600C91FFEC5A0004BB965 /* LaunchScreen.storyboard in Resources */,
				074600C61FFEC5A0004BB965 /* Assets.xcassets in Resources */,
				074600C11FFEC5A0004BB965 /* Main.storyboard in Resources */,
			);
			runOnlyForDeploymentPostprocessing = 0;
		};
/* End PBXResourcesBuildPhase section */

/* Begin PBXSourcesBuildPhase section */
		074600B41FFEC5A0004BB965 /* Sources */ = {
			isa = PBXSourcesBuildPhase;
			buildActionMask = 2147483647;
			files = (
				074600BE1FFEC5A0004BB965 /* ViewController.swift in Sources */,
				074600C41FFEC5A0004BB965 /* Knudge_me.xcdatamodeld in Sources */,
				074600BC1FFEC5A0004BB965 /* AppDelegate.swift in Sources */,
			);
			runOnlyForDeploymentPostprocessing = 0;
		};
/* End PBXSourcesBuildPhase section */

/* Begin PBXVariantGroup section */
		074600BF1FFEC5A0004BB965 /* Main.storyboard */ = {
			isa = PBXVariantGroup;
			children = (
				074600C01FFEC5A0004BB965 /* Base */,
			);
			name = Main.storyboard;
			sourceTree = "<group>";
		};
		074600C71FFEC5A0004BB965 /* LaunchScreen.storyboard */ = {
			isa = PBXVariantGroup;
			children = (
				074600C81FFEC5A0004BB965 /* Base */,
			);
			name = LaunchScreen.storyboard;
			sourceTree = "<group>";
		};
/* End PBXVariantGroup section */

/* Begin XCBuildConfiguration section */
		074600CB1FFEC5A0004BB965 /* Debug */ = {
			isa = XCBuildConfiguration;
			buildSettings = {
				ALWAYS_SEARCH_USER_PATHS = NO;
				CLANG_ANALYZER_NONNULL = YES;
				CLANG_ANALYZER_NUMBER_OBJECT_CONVERSION = YES_AGGRESSIVE;
				CLANG_CXX_LANGUAGE_STANDARD = "gnu++14";
				CLANG_CXX_LIBRARY = "libc++";
				CLANG_ENABLE_MODULES = YES;
				CLANG_ENABLE_OBJC_ARC = YES;
				CLANG_WARN_BLOCK_CAPTURE_AUTORELEASING = YES;
				CLANG_WARN_BOOL_CONVERSION = YES;
				CLANG_WARN_COMMA = YES;
				CLANG_WARN_CONSTANT_CONVERSION = YES;
				CLANG_WARN_DIRECT_OBJC_ISA_USAGE = YES_ERROR;
				CLANG_WARN_DOCUMENTATION_COMMENTS = YES;
				CLANG_WARN_EMPTY_BODY = YES;
				CLANG_WARN_ENUM_CONVERSION = YES;
				CLANG_WARN_INFINITE_RECURSION = YES;
				CLANG_WARN_INT_CONVERSION = YES;
				CLANG_WARN_NON_LITERAL_NULL_CONVERSION = YES;
				CLANG_WARN_OBJC_LITERAL_CONVERSION = YES;
				CLANG_WARN_OBJC_ROOT_CLASS = YES_ERROR;
				CLANG_WARN_RANGE_LOOP_ANALYSIS = YES;
				CLANG_WARN_STRICT_PROTOTYPES = YES;
				CLANG_WARN_SUSPICIOUS_MOVE = YES;
				CLANG_WARN_UNGUARDED_AVAILABILITY = YES_AGGRESSIVE;
				CLANG_WARN_UNREACHABLE_CODE = YES;
				CLANG_WARN__DUPLICATE_METHOD_MATCH = YES;
				CODE_SIGN_IDENTITY = "iPhone Developer";
				COPY_PHASE_STRIP = NO;
				DEBUG_INFORMATION_FORMAT = dwarf;
				ENABLE_STRICT_OBJC_MSGSEND = YES;
				ENABLE_TESTABILITY = YES;
				GCC_C_LANGUAGE_STANDARD = gnu11;
				GCC_DYNAMIC_NO_PIC = NO;
				GCC_NO_COMMON_BLOCKS = YES;
				GCC_OPTIMIZATION_LEVEL = 0;
				GCC_PREPROCESSOR_DEFINITIONS = (
					"DEBUG=1",
					"$(inherited)",
				);
				GCC_WARN_64_TO_32_BIT_CONVERSION = YES;
				GCC_WARN_ABOUT_RETURN_TYPE = YES_ERROR;
				GCC_WARN_UNDECLARED_SELECTOR = YES;
				GCC_WARN_UNINITIALIZED_AUTOS = YES_AGGRESSIVE;
				GCC_WARN_UNUSED_FUNCTION = YES;
				GCC_WARN_UNUSED_VARIABLE = YES;
				IPHONEOS_DEPLOYMENT_TARGET = 11.2;
				MTL_ENABLE_DEBUG_INFO = YES;
				ONLY_ACTIVE_ARCH = YES;
				SDKROOT = iphoneos;
				SWIFT_ACTIVE_COMPILATION_CONDITIONS = DEBUG;
				SWIFT_OPTIMIZATION_LEVEL = "-Onone";
			};
			name = Debug;
		};
		074600CC1FFEC5A0004BB965 /* Release */ = {
			isa = XCBuildConfiguration;
			buildSettings = {
				ALWAYS_SEARCH_USER_PATHS = NO;
				CLANG_ANALYZER_NONNULL = YES;
				CLANG_ANALYZER_NUMBER_OBJECT_CONVERSION = YES_AGGRESSIVE;
				CLANG_CXX_LANGUAGE_STANDARD = "gnu++14";
				CLANG_CXX_LIBRARY = "libc++";
				CLANG_ENABLE_MODULES = YES;
				CLANG_ENABLE_OBJC_ARC = YES;
				CLANG_WARN_BLOCK_CAPTURE_AUTORELEASING = YES;
				CLANG_WARN_BOOL_CONVERSION = YES;
				CLANG_WARN_COMMA = YES;
				CLANG_WARN_CONSTANT_CONVERSION = YES;
				CLANG_WARN_DIRECT_OBJC_ISA_USAGE = YES_ERROR;
				CLANG_WARN_DOCUMENTATION_COMMENTS = YES;
				CLANG_WARN_EMPTY_BODY = YES;
				CLANG_WARN_ENUM_CONVERSION = YES;
				CLANG_WARN_INFINITE_RECURSION = YES;
				CLANG_WARN_INT_CONVERSION = YES;
				CLANG_WARN_NON_LITERAL_NULL_CONVERSION = YES;
				CLANG_WARN_OBJC_LITERAL_CONVERSION = YES;
				CLANG_WARN_OBJC_ROOT_CLASS = YES_ERROR;
				CLANG_WARN_RANGE_LOOP_ANALYSIS = YES;
				CLANG_WARN_STRICT_PROTOTYPES = YES;
				CLANG_WARN_SUSPICIOUS_MOVE = YES;
				CLANG_WARN_UNGUARDED_AVAILABILITY = YES_AGGRESSIVE;
				CLANG_WARN_UNREACHABLE_CODE = YES;
				CLANG_WARN__DUPLICATE_METHOD_MATCH = YES;
				CODE_SIGN_IDENTITY = "iPhone Developer";
				COPY_PHASE_STRIP = NO;
				DEBUG_INFORMATION_FORMAT = "dwarf-with-dsym";
				ENABLE_NS_ASSERTIONS = NO;
				ENABLE_STRICT_OBJC_MSGSEND = YES;
				GCC_C_LANGUAGE_STANDARD = gnu11;
				GCC_NO_COMMON_BLOCKS = YES;
				GCC_WARN_64_TO_32_BIT_CONVERSION = YES;
				GCC_WARN_ABOUT_RETURN_TYPE = YES_ERROR;
				GCC_WARN_UNDECLARED_SELECTOR = YES;
				GCC_WARN_UNINITIALIZED_AUTOS = YES_AGGRESSIVE;
				GCC_WARN_UNUSED_FUNCTION = YES;
				GCC_WARN_UNUSED_VARIABLE = YES;
				IPHONEOS_DEPLOYMENT_TARGET = 11.2;
				MTL_ENABLE_DEBUG_INFO = NO;
				SDKROOT = iphoneos;
				SWIFT_OPTIMIZATION_LEVEL = "-Owholemodule";
				VALIDATE_PRODUCT = YES;
			};
			name = Release;
		};
		074600CE1FFEC5A0004BB965 /* Debug */ = {
			isa = XCBuildConfiguration;
			buildSettings = {
				ASSETCATALOG_COMPILER_APPICON_NAME = AppIcon;
				CODE_SIGN_STYLE = Automatic;
				DEVELOPMENT_TEAM = 6B89WP5H2R;
				INFOPLIST_FILE = Knudge.me/Info.plist;
				LD_RUNPATH_SEARCH_PATHS = "$(inherited) @executable_path/Frameworks";
				PRODUCT_BUNDLE_IDENTIFIER = "com.MYC.Knudge-me";
				PRODUCT_NAME = "$(TARGET_NAME)";
				SWIFT_VERSION = 4.0;
				TARGETED_DEVICE_FAMILY = "1,2";
			};
			name = Debug;
		};
		074600CF1FFEC5A0004BB965 /* Release */ = {
			isa = XCBuildConfiguration;
			buildSettings = {
				ASSETCATALOG_COMPILER_APPICON_NAME = AppIcon;
				CODE_SIGN_STYLE = Automatic;
				DEVELOPMENT_TEAM = 6B89WP5H2R;
				INFOPLIST_FILE = Knudge.me/Info.plist;
				LD_RUNPATH_SEARCH_PATHS = "$(inherited) @executable_path/Frameworks";
				PRODUCT_BUNDLE_IDENTIFIER = "com.MYC.Knudge-me";
				PRODUCT_NAME = "$(TARGET_NAME)";
				SWIFT_VERSION = 4.0;
				TARGETED_DEVICE_FAMILY = "1,2";
			};
			name = Release;
		};
/* End XCBuildConfiguration section */

/* Begin XCConfigurationList section */
		074600B31FFEC5A0004BB965 /* Build configuration list for PBXProject "Knudge.me" */ = {
			isa = XCConfigurationList;
			buildConfigurations = (
				074600CB1FFEC5A0004BB965 /* Debug */,
				074600CC1FFEC5A0004BB965 /* Release */,
			);
			defaultConfigurationIsVisible = 0;
			defaultConfigurationName = Release;
		};
		074600CD1FFEC5A0004BB965 /* Build configuration list for PBXNativeTarget "Knudge.me" */ = {
			isa = XCConfigurationList;
			buildConfigurations = (
				074600CE1FFEC5A0004BB965 /* Debug */,
				074600CF1FFEC5A0004BB965 /* Release */,
			);
			defaultConfigurationIsVisible = 0;
			defaultConfigurationName = Release;
		};
/* End XCConfigurationList section */

/* Begin XCVersionGroup section */
		074600C21FFEC5A0004BB965 /* Knudge_me.xcdatamodeld */ = {
			isa = XCVersionGroup;
			children = (
				074600C31FFEC5A0004BB965 /* Knudge_me.xcdatamodel */,
			);
			currentVersion = 074600C31FFEC5A0004BB965 /* Knudge_me.xcdatamodel */;
			path = Knudge_me.xcdatamodeld;
			sourceTree = "<group>";
			versionGroupType = wrapper.xcdatamodel;
		};
/* End XCVersionGroup section */
	};
	rootObject = 074600B01FFEC5A0004BB965 /* Project object */;
}
